
Microsoft Visual Studio Solution File, Format Version 12.00
# Visual Studio 2012
Project("{FAE04EC0-301F-11D3-BF4B-00C04F79EFBC}") = "BibliotecaDeClasses", "BibliotecaDeClasses\BibliotecaDeClasses.csproj", "{9F76F177-26E6-4583-BB43-55594164241C}"
EndProject
Project("{FAE04EC0-301F-11D3-BF4B-00C04F79EFBC}") = "FACliente", "FACliente\FACliente.csproj", "{17B5BA4D-26CA-447F-AB2F-7395AE549690}"
EndProject
Project("{FAE04EC0-301F-11D3-BF4B-00C04F79EFBC}") = "TestarFuncionalidades", "TestarFuncionalidades\TestarFuncionalidades.csproj", "{EBFC567D-391D-4E78-8327-8D9C0C06CD39}"
EndProject
Project("{FAE04EC0-301F-11D3-BF4B-00C04F79EFBC}") = "WebSrvGeral", "WebSrvGeral\WebSrvGeral.csproj", "{B36C82B5-1EEC-4576-962F-62FD033281D2}"
EndProject
Global
	GlobalSection(SolutionConfigurationPlatforms) = preSolution
		Debug|Any CPU = Debug|Any CPU
		Release|Any CPU = Release|Any CPU
	EndGlobalSection
	GlobalSection(ProjectConfigurationPlatforms) = postSolution
		{9F76F177-26E6-4583-BB43-55594164241C}.Debug|Any CPU.ActiveCfg = Debug|Any CPU
		{9F76F177-26E6-4583-BB43-55594164241C}.Debug|Any CPU.Build.0 = Debug|Any CPU
		{9F76F177-26E6-4583-BB43-55594164241C}.Release|Any CPU.ActiveCfg = Release|Any CPU
		{9F76F177-26E6-4583-BB43-55594164241C}.Release|Any CPU.Build.0 = Release|Any CPU
		{17B5BA4D-26CA-447F-AB2F-7395AE549690}.Debug|Any CPU.ActiveCfg = Debug|Any CPU
		{17B5BA4D-26CA-447F-AB2F-7395AE549690}.Debug|Any CPU.Build.0 = Debug|Any CPU
		{17B5BA4D-26CA-447F-AB2F-7395AE549690}.Release|Any CPU.ActiveCfg = Release|Any CPU
		{17B5BA4D-26CA-447F-AB2F-7395AE549690}.Release|Any CPU.Build.0 = Release|Any CPU
		{EBFC567D-391D-4E78-8327-8D9C0C06CD39}.Debug|Any CPU.ActiveCfg = Debug|Any CPU
		{EBFC567D-391D-4E78-8327-8D9C0C06CD39}.Debug|Any CPU.Build.0 = Debug|Any CPU
		{EBFC567D-391D-4E78-8327-8D9C0C06CD39}.Release|Any CPU.ActiveCfg = Release|Any CPU
		{EBFC567D-391D-4E78-8327-8D9C0C06CD39}.Release|Any CPU.Build.0 = Release|Any CPU
		{B36C82B5-1EEC-4576-962F-62FD033281D2}.Debug|Any CPU.ActiveCfg = Debug|Any CPU
		{B36C82B5-1EEC-4576-962F-62FD033281D2}.Debug|Any CPU.Build.0 = Debug|Any CPU
		{B36C82B5-1EEC-4576-962F-62FD033281D2}.Release|Any CPU.ActiveCfg = Release|Any CPU
		{B36C82B5-1EEC-4576-962F-62FD033281D2}.Release|Any CPU.Build.0 = Release|Any CPU
	EndGlobalSection
	GlobalSection(SolutionProperties) = preSolution
		HideSolutionNode = FALSE
	EndGlobalSection
EndGlobal
